
Microsoft Visual Studio Solution File, Format Version 12.00
# Visual Studio Version 16
VisualStudioVersion = 16.0.29424.173
MinimumVisualStudioVersion = 10.0.40219.1
Project("{FAE04EC0-301F-11D3-BF4B-00C04F79EFBC}") = "301CR Level Changer", "301CR Level Changer\301CR Level Changer.csproj", "{A97824D1-506A-4B57-A05D-C4DD5DB0D914}"
EndProject
Global
	GlobalSection(SolutionConfigurationPlatforms) = preSolution
		Debug|Any CPU = Debug|Any CPU
		Release|Any CPU = Release|Any CPU
	EndGlobalSection
	GlobalSection(ProjectConfigurationPlatforms) = postSolution
		{A97824D1-506A-4B57-A05D-C4DD5DB0D914}.Debug|Any CPU.ActiveCfg = Debug|Any CPU
		{A97824D1-506A-4B57-A05D-C4DD5DB0D914}.Debug|Any CPU.Build.0 = Debug|Any CPU
		{A97824D1-506A-4B57-A05D-C4DD5DB0D914}.Release|Any CPU.ActiveCfg = Release|Any CPU
		{A97824D1-506A-4B57-A05D-C4DD5DB0D914}.Release|Any CPU.Build.0 = Release|Any CPU
	EndGlobalSection
	GlobalSection(SolutionProperties) = preSolution
		HideSolutionNode = FALSE
	EndGlobalSection
	GlobalSection(ExtensibilityGlobals) = postSolution
		SolutionGuid = {754789D8-D3B8-44E6-A9A7-985D722CC11B}
	EndGlobalSection
EndGlobal
